
Microsoft Visual Studio Solution File, Format Version 12.00
# Visual Studio Version 17
VisualStudioVersion = 17.8.34525.116
MinimumVisualStudioVersion = 10.0.40219.1
Project("{FAE04EC0-301F-11D3-BF4B-00C04F79EFBC}") = "Prueba", "Prueba\Prueba.csproj", "{C7426027-6AD8-4081-A5CB-89FB3C181EE5}"
EndProject
Global
	GlobalSection(SolutionConfigurationPlatforms) = preSolution
		Debug|Any CPU = Debug|Any CPU
		Release|Any CPU = Release|Any CPU
	EndGlobalSection
	GlobalSection(ProjectConfigurationPlatforms) = postSolution
		{C7426027-6AD8-4081-A5CB-89FB3C181EE5}.Debug|Any CPU.ActiveCfg = Debug|Any CPU
		{C7426027-6AD8-4081-A5CB-89FB3C181EE5}.Debug|Any CPU.Build.0 = Debug|Any CPU
		{C7426027-6AD8-4081-A5CB-89FB3C181EE5}.Release|Any CPU.ActiveCfg = Release|Any CPU
		{C7426027-6AD8-4081-A5CB-89FB3C181EE5}.Release|Any CPU.Build.0 = Release|Any CPU
	EndGlobalSection
	GlobalSection(SolutionProperties) = preSolution
		HideSolutionNode = FALSE
	EndGlobalSection
	GlobalSection(ExtensibilityGlobals) = postSolution
		SolutionGuid = {12698373-7035-4BF3-930F-0DDF0B702ABB}
	EndGlobalSection
EndGlobal
